
Microsoft Visual Studio Solution File, Format Version 12.00
# Visual Studio 15
VisualStudioVersion = 15.0.28307.271
MinimumVisualStudioVersion = 10.0.40219.1
Project("{FAE04EC0-301F-11D3-BF4B-00C04F79EFBC}") = "MonashDemo", "MonashDemo\MonashDemo.csproj", "{9799B0EE-C5C5-45B0-A6CF-3689C69D2B56}"
EndProject
Project("{FAE04EC0-301F-11D3-BF4B-00C04F79EFBC}") = "MonashDemo.Tests", "MonashDemo.Tests\MonashDemo.Tests.csproj", "{1EC801EE-8FF1-40A3-ADBE-B29CED372AE3}"
	ProjectSection(ProjectDependencies) = postProject
		{9799B0EE-C5C5-45B0-A6CF-3689C69D2B56} = {9799B0EE-C5C5-45B0-A6CF-3689C69D2B56}
	EndProjectSection
EndProject
Global
	GlobalSection(SolutionConfigurationPlatforms) = preSolution
		Debug|Any CPU = Debug|Any CPU
		Release|Any CPU = Release|Any CPU
	EndGlobalSection
	GlobalSection(ProjectConfigurationPlatforms) = postSolution
		{9799B0EE-C5C5-45B0-A6CF-3689C69D2B56}.Debug|Any CPU.ActiveCfg = Debug|Any CPU
		{9799B0EE-C5C5-45B0-A6CF-3689C69D2B56}.Debug|Any CPU.Build.0 = Debug|Any CPU
		{9799B0EE-C5C5-45B0-A6CF-3689C69D2B56}.Release|Any CPU.ActiveCfg = Release|Any CPU
		{9799B0EE-C5C5-45B0-A6CF-3689C69D2B56}.Release|Any CPU.Build.0 = Release|Any CPU
		{1EC801EE-8FF1-40A3-ADBE-B29CED372AE3}.Debug|Any CPU.ActiveCfg = Debug|Any CPU
		{1EC801EE-8FF1-40A3-ADBE-B29CED372AE3}.Debug|Any CPU.Build.0 = Debug|Any CPU
		{1EC801EE-8FF1-40A3-ADBE-B29CED372AE3}.Release|Any CPU.ActiveCfg = Release|Any CPU
		{1EC801EE-8FF1-40A3-ADBE-B29CED372AE3}.Release|Any CPU.Build.0 = Release|Any CPU
	EndGlobalSection
	GlobalSection(SolutionProperties) = preSolution
		HideSolutionNode = FALSE
	EndGlobalSection
	GlobalSection(ExtensibilityGlobals) = postSolution
		SolutionGuid = {AC7B5160-4AD6-4D60-8573-E9DABF750684}
	EndGlobalSection
EndGlobal
